
Microsoft Visual Studio Solution File, Format Version 12.00
# Visual Studio Version 16
VisualStudioVersion = 16.0.29709.97
MinimumVisualStudioVersion = 10.0.40219.1
Project("{FAE04EC0-301F-11D3-BF4B-00C04F79EFBC}") = "ChMLab1", "ChMLab1\ChMLab1.csproj", "{A910E652-1C99-4384-BB8F-2896B0894F41}"
EndProject
Global
	GlobalSection(SolutionConfigurationPlatforms) = preSolution
		Debug|Any CPU = Debug|Any CPU
		Release|Any CPU = Release|Any CPU
	EndGlobalSection
	GlobalSection(ProjectConfigurationPlatforms) = postSolution
		{A910E652-1C99-4384-BB8F-2896B0894F41}.Debug|Any CPU.ActiveCfg = Debug|Any CPU
		{A910E652-1C99-4384-BB8F-2896B0894F41}.Debug|Any CPU.Build.0 = Debug|Any CPU
		{A910E652-1C99-4384-BB8F-2896B0894F41}.Release|Any CPU.ActiveCfg = Release|Any CPU
		{A910E652-1C99-4384-BB8F-2896B0894F41}.Release|Any CPU.Build.0 = Release|Any CPU
	EndGlobalSection
	GlobalSection(SolutionProperties) = preSolution
		HideSolutionNode = FALSE
	EndGlobalSection
	GlobalSection(ExtensibilityGlobals) = postSolution
		SolutionGuid = {6E791DA2-C7E4-4032-BB6D-7AFBFCA55D1A}
	EndGlobalSection
EndGlobal
